
Microsoft Visual Studio Solution File, Format Version 12.00
# Visual Studio Version 16
VisualStudioVersion = 16.0.30804.86
MinimumVisualStudioVersion = 10.0.40219.1
Project("{9A19103F-16F7-4668-BE54-9A1E7A4F7556}") = "RazorEFDBFIRST21", "RazorEFDBFIRST21\RazorEFDBFIRST21.csproj", "{B34B78EC-8A87-46DF-BCC4-239C16F14AB2}"
EndProject
Project("{9A19103F-16F7-4668-BE54-9A1E7A4F7556}") = "RazorDBCodeFirst21", "RazorDBCodeFirst21\RazorDBCodeFirst21.csproj", "{76FEFCC4-BC95-450C-B9AD-90486EB9118E}"
EndProject
Global
	GlobalSection(SolutionConfigurationPlatforms) = preSolution
		Debug|Any CPU = Debug|Any CPU
		Release|Any CPU = Release|Any CPU
	EndGlobalSection
	GlobalSection(ProjectConfigurationPlatforms) = postSolution
		{B34B78EC-8A87-46DF-BCC4-239C16F14AB2}.Debug|Any CPU.ActiveCfg = Debug|Any CPU
		{B34B78EC-8A87-46DF-BCC4-239C16F14AB2}.Debug|Any CPU.Build.0 = Debug|Any CPU
		{B34B78EC-8A87-46DF-BCC4-239C16F14AB2}.Release|Any CPU.ActiveCfg = Release|Any CPU
		{B34B78EC-8A87-46DF-BCC4-239C16F14AB2}.Release|Any CPU.Build.0 = Release|Any CPU
		{76FEFCC4-BC95-450C-B9AD-90486EB9118E}.Debug|Any CPU.ActiveCfg = Debug|Any CPU
		{76FEFCC4-BC95-450C-B9AD-90486EB9118E}.Debug|Any CPU.Build.0 = Debug|Any CPU
		{76FEFCC4-BC95-450C-B9AD-90486EB9118E}.Release|Any CPU.ActiveCfg = Release|Any CPU
		{76FEFCC4-BC95-450C-B9AD-90486EB9118E}.Release|Any CPU.Build.0 = Release|Any CPU
	EndGlobalSection
	GlobalSection(SolutionProperties) = preSolution
		HideSolutionNode = FALSE
	EndGlobalSection
	GlobalSection(ExtensibilityGlobals) = postSolution
		SolutionGuid = {A7BC1DAE-CA48-4757-A70F-9E0A19DEABB3}
	EndGlobalSection
EndGlobal
